// !$*UTF8*$!
{
	archiveVersion = 1;
	classes = {
	};
	objectVersion = 46;
	objects = {

/* Begin PBXBuildFile section */
		C436365F1C5E7B8600DF0E4B /* main.swift in Sources */ = {isa = PBXBuildFile; fileRef = C436365E1C5E7B8600DF0E4B /* main.swift */; };
		C43636661C5E87F700DF0E4B /* Town.swift in Sources */ = {isa = PBXBuildFile; fileRef = C43636651C5E87F700DF0E4B /* Town.swift */; };
		C43636681C5E8BC800DF0E4B /* Monser.swift in Sources */ = {isa = PBXBuildFile; fileRef = C43636671C5E8BC800DF0E4B /* Monser.swift */; };
		C436366A1C5E8D1F00DF0E4B /* Zombie.swift in Sources */ = {isa = PBXBuildFile; fileRef = C43636691C5E8D1F00DF0E4B /* Zombie.swift */; };
/* End PBXBuildFile section */

/* Begin PBXCopyFilesBuildPhase section */
		C43636591C5E7B8500DF0E4B /* CopyFiles */ = {
			isa = PBXCopyFilesBuildPhase;
			buildActionMask = 2147483647;
			dstPath = /usr/share/man/man1/;
			dstSubfolderSpec = 0;
			files = (
			);
			runOnlyForDeploymentPostprocessing = 1;
		};
/* End PBXCopyFilesBuildPhase section */

/* Begin PBXFileReference section */
		C436365B1C5E7B8500DF0E4B /* Ch15 - Structs and Classes */ = {isa = PBXFileReference; explicitFileType = "compiled.mach-o.executable"; includeInIndex = 0; path = "Ch15 - Structs and Classes"; sourceTree = BUILT_PRODUCTS_DIR; };
		C436365E1C5E7B8600DF0E4B /* main.swift */ = {isa = PBXFileReference; lastKnownFileType = sourcecode.swift; path = main.swift; sourceTree = "<group>"; };
		C43636651C5E87F700DF0E4B /* Town.swift */ = {isa = PBXFileReference; fileEncoding = 4; lastKnownFileType = sourcecode.swift; name = Town.swift; path = ../Town.swift; sourceTree = "<group>"; };
		C43636671C5E8BC800DF0E4B /* Monser.swift */ = {isa = PBXFileReference; fileEncoding = 4; lastKnownFileType = sourcecode.swift; path = Monser.swift; sourceTree = "<group>"; };
		C43636691C5E8D1F00DF0E4B /* Zombie.swift */ = {isa = PBXFileReference; fileEncoding = 4; lastKnownFileType = sourcecode.swift; path = Zombie.swift; sourceTree = "<group>"; };
/* End PBXFileReference section */

/* Begin PBXFrameworksBuildPhase section */
		C43636581C5E7B8500DF0E4B /* Frameworks */ = {
			isa = PBXFrameworksBuildPhase;
			buildActionMask = 2147483647;
			files = (
			);
			runOnlyForDeploymentPostprocessing = 0;
		};
/* End PBXFrameworksBuildPhase section */

/* Begin PBXGroup section */
		C43636521C5E7B8500DF0E4B = {
			isa = PBXGroup;
			children = (
				C436365D1C5E7B8500DF0E4B /* Ch15 - Structs and Classes */,
				C436365C1C5E7B8500DF0E4B /* Products */,
			);
			sourceTree = "<group>";
		};
		C436365C1C5E7B8500DF0E4B /* Products */ = {
			isa = PBXGroup;
			children = (
				C436365B1C5E7B8500DF0E4B /* Ch15 - Structs and Classes */,
			);
			name = Products;
			sourceTree = "<group>";
		};
		C436365D1C5E7B8500DF0E4B /* Ch15 - Structs and Classes */ = {
			isa = PBXGroup;
			children = (
				C436365E1C5E7B8600DF0E4B /* main.swift */,
				C43636671C5E8BC800DF0E4B /* Monser.swift */,
				C43636691C5E8D1F00DF0E4B /* Zombie.swift */,
				C43636651C5E87F700DF0E4B /* Town.swift */,
			);
			path = "Ch15 - Structs and Classes";
			sourceTree = "<group>";
		};
/* End PBXGroup section */

/* Begin PBXNativeTarget section */
		C436365A1C5E7B8500DF0E4B /* Ch15 - Structs and Classes */ = {
			isa = PBXNativeTarget;
			buildConfigurationList = C43636621C5E7B8600DF0E4B /* Build configuration list for PBXNativeTarget "Ch15 - Structs and Classes" */;
			buildPhases = (
				C43636571C5E7B8500DF0E4B /* Sources */,
				C43636581C5E7B8500DF0E4B /* Frameworks */,
				C43636591C5E7B8500DF0E4B /* CopyFiles */,
			);
			buildRules = (
			);
			dependencies = (
			);
			name = "Ch15 - Structs and Classes";
			productName = "Ch15 - Structs and Classes";
			productReference = C436365B1C5E7B8500DF0E4B /* Ch15 - Structs and Classes */;
			productType = "com.apple.product-type.tool";
		};
/* End PBXNativeTarget section */

/* Begin PBXProject section */
		C43636531C5E7B8500DF0E4B /* Project object */ = {
			isa = PBXProject;
			attributes = {
				LastSwiftUpdateCheck = 0720;
				LastUpgradeCheck = 0720;
				ORGANIZATIONNAME = "Kaleo Kim";
				TargetAttributes = {
					C436365A1C5E7B8500DF0E4B = {
						CreatedOnToolsVersion = 7.2;
					};
				};
			};
			buildConfigurationList = C43636561C5E7B8500DF0E4B /* Build configuration list for PBXProject "Ch15 - Structs and Classes" */;
			compatibilityVersion = "Xcode 3.2";
			developmentRegion = English;
			hasScannedForEncodings = 0;
			knownRegions = (
				en,
			);
			mainGroup = C43636521C5E7B8500DF0E4B;
			productRefGroup = C436365C1C5E7B8500DF0E4B /* Products */;
			projectDirPath = "";
			projectRoot = "";
			targets = (
				C436365A1C5E7B8500DF0E4B /* Ch15 - Structs and Classes */,
			);
		};
/* End PBXProject section */

/* Begin PBXSourcesBuildPhase section */
		C43636571C5E7B8500DF0E4B /* Sources */ = {
			isa = PBXSourcesBuildPhase;
			buildActionMask = 2147483647;
			files = (
				C43636681C5E8BC800DF0E4B /* Monser.swift in Sources */,
				C436366A1C5E8D1F00DF0E4B /* Zombie.swift in Sources */,
				C436365F1C5E7B8600DF0E4B /* main.swift in Sources */,
				C43636661C5E87F700DF0E4B /* Town.swift in Sources */,
			);
			runOnlyForDeploymentPostprocessing = 0;
		};
/* End PBXSourcesBuildPhase section */

/* Begin XCBuildConfiguration section */
		C43636601C5E7B8600DF0E4B /* Debug */ = {
			isa = XCBuildConfiguration;
			buildSettings = {
				ALWAYS_SEARCH_USER_PATHS = NO;
				CLANG_CXX_LANGUAGE_STANDARD = "gnu++0x";
				CLANG_CXX_LIBRARY = "libc++";
				CLANG_ENABLE_MODULES = YES;
				CLANG_ENABLE_OBJC_ARC = YES;
				CLANG_WARN_BOOL_CONVERSION = YES;
				CLANG_WARN_CONSTANT_CONVERSION = YES;
				CLANG_WARN_DIRECT_OBJC_ISA_USAGE = YES_ERROR;
				CLANG_WARN_EMPTY_BODY = YES;
				CLANG_WARN_ENUM_CONVERSION = YES;
				CLANG_WARN_INT_CONVERSION = YES;
				CLANG_WARN_OBJC_ROOT_CLASS = YES_ERROR;
				CLANG_WARN_UNREACHABLE_CODE = YES;
				CLANG_WARN__DUPLICATE_METHOD_MATCH = YES;
				CODE_SIGN_IDENTITY = "-";
				COPY_PHASE_STRIP = NO;
				DEBUG_INFORMATION_FORMAT = dwarf;
				ENABLE_STRICT_OBJC_MSGSEND = YES;
				ENABLE_TESTABILITY = YES;
				GCC_C_LANGUAGE_STANDARD = gnu99;
				GCC_DYNAMIC_NO_PIC = NO;
				GCC_NO_COMMON_BLOCKS = YES;
				GCC_OPTIMIZATION_LEVEL = 0;
				GCC_PREPROCESSOR_DEFINITIONS = (
					"DEBUG=1",
					"$(inherited)",
				);
				GCC_WARN_64_TO_32_BIT_CONVERSION = YES;
				GCC_WARN_ABOUT_RETURN_TYPE = YES_ERROR;
				GCC_WARN_UNDECLARED_SELECTOR = YES;
				GCC_WARN_UNINITIALIZED_AUTOS = YES_AGGRESSIVE;
				GCC_WARN_UNUSED_FUNCTION = YES;
				GCC_WARN_UNUSED_VARIABLE = YES;
				MACOSX_DEPLOYMENT_TARGET = 10.11;
				MTL_ENABLE_DEBUG_INFO = YES;
				ONLY_ACTIVE_ARCH = YES;
				SDKROOT = macosx;
				SWIFT_OPTIMIZATION_LEVEL = "-Onone";
			};
			name = Debug;
		};
		C43636611C5E7B8600DF0E4B /* Release */ = {
			isa = XCBuildConfiguration;
			buildSettings = {
				ALWAYS_SEARCH_USER_PATHS = NO;
				CLANG_CXX_LANGUAGE_STANDARD = "gnu++0x";
				CLANG_CXX_LIBRARY = "libc++";
				CLANG_ENABLE_MODULES = YES;
				CLANG_ENABLE_OBJC_ARC = YES;
				CLANG_WARN_BOOL_CONVERSION = YES;
				CLANG_WARN_CONSTANT_CONVERSION = YES;
				CLANG_WARN_DIRECT_OBJC_ISA_USAGE = YES_ERROR;
				CLANG_WARN_EMPTY_BODY = YES;
				CLANG_WARN_ENUM_CONVERSION = YES;
				CLANG_WARN_INT_CONVERSION = YES;
				CLANG_WARN_OBJC_ROOT_CLASS = YES_ERROR;
				CLANG_WARN_UNREACHABLE_CODE = YES;
				CLANG_WARN__DUPLICATE_METHOD_MATCH = YES;
				CODE_SIGN_IDENTITY = "-";
				COPY_PHASE_STRIP = NO;
				DEBUG_INFORMATION_FORMAT = "dwarf-with-dsym";
				ENABLE_NS_ASSERTIONS = NO;
				ENABLE_STRICT_OBJC_MSGSEND = YES;
				GCC_C_LANGUAGE_STANDARD = gnu99;
				GCC_NO_COMMON_BLOCKS = YES;
				GCC_WARN_64_TO_32_BIT_CONVERSION = YES;
				GCC_WARN_ABOUT_RETURN_TYPE = YES_ERROR;
				GCC_WARN_UNDECLARED_SELECTOR = YES;
				GCC_WARN_UNINITIALIZED_AUTOS = YES_AGGRESSIVE;
				GCC_WARN_UNUSED_FUNCTION = YES;
				GCC_WARN_UNUSED_VARIABLE = YES;
				MACOSX_DEPLOYMENT_TARGET = 10.11;
				MTL_ENABLE_DEBUG_INFO = NO;
				SDKROOT = macosx;
			};
			name = Release;
		};
		C43636631C5E7B8600DF0E4B /* Debug */ = {
			isa = XCBuildConfiguration;
			buildSettings = {
				PRODUCT_NAME = "$(TARGET_NAME)";
			};
			name = Debug;
		};
		C43636641C5E7B8600DF0E4B /* Release */ = {
			isa = XCBuildConfiguration;
			buildSettings = {
				PRODUCT_NAME = "$(TARGET_NAME)";
			};
			name = Release;
		};
/* End XCBuildConfiguration section */

/* Begin XCConfigurationList section */
		C43636561C5E7B8500DF0E4B /* Build configuration list for PBXProject "Ch15 - Structs and Classes" */ = {
			isa = XCConfigurationList;
			buildConfigurations = (
				C43636601C5E7B8600DF0E4B /* Debug */,
				C43636611C5E7B8600DF0E4B /* Release */,
			);
			defaultConfigurationIsVisible = 0;
			defaultConfigurationName = Release;
		};
		C43636621C5E7B8600DF0E4B /* Build configuration list for PBXNativeTarget "Ch15 - Structs and Classes" */ = {
			isa = XCConfigurationList;
			buildConfigurations = (
				C43636631C5E7B8600DF0E4B /* Debug */,
				C43636641C5E7B8600DF0E4B /* Release */,
			);
			defaultConfigurationIsVisible = 0;
		};
/* End XCConfigurationList section */
	};
	rootObject = C43636531C5E7B8500DF0E4B /* Project object */;
}
