// !$*UTF8*$!
{
	archiveVersion = 1;
	classes = {
	};
	objectVersion = 46;
	objects = {

/* Begin PBXBuildFile section */
		C478FE091B16206E0077D02F /* main.m in Sources */ = {isa = PBXBuildFile; fileRef = C478FE081B16206E0077D02F /* main.m */; };
		C478FE0C1B16206E0077D02F /* AppDelegate.m in Sources */ = {isa = PBXBuildFile; fileRef = C478FE0B1B16206E0077D02F /* AppDelegate.m */; };
		C478FE0F1B16206E0077D02F /* ViewController.m in Sources */ = {isa = PBXBuildFile; fileRef = C478FE0E1B16206E0077D02F /* ViewController.m */; };
		C478FE121B16206E0077D02F /* Main.storyboard in Resources */ = {isa = PBXBuildFile; fileRef = C478FE101B16206E0077D02F /* Main.storyboard */; };
		C478FE141B16206E0077D02F /* Images.xcassets in Resources */ = {isa = PBXBuildFile; fileRef = C478FE131B16206E0077D02F /* Images.xcassets */; };
		C478FE171B16206E0077D02F /* LaunchScreen.xib in Resources */ = {isa = PBXBuildFile; fileRef = C478FE151B16206E0077D02F /* LaunchScreen.xib */; };
		C478FE231B16206E0077D02F /* Stretch_Problem_16___Grand_Centrel_StationTests.m in Sources */ = {isa = PBXBuildFile; fileRef = C478FE221B16206E0077D02F /* Stretch_Problem_16___Grand_Centrel_StationTests.m */; };
/* End PBXBuildFile section */

/* Begin PBXContainerItemProxy section */
		C478FE1D1B16206E0077D02F /* PBXContainerItemProxy */ = {
			isa = PBXContainerItemProxy;
			containerPortal = C478FDFB1B16206E0077D02F /* Project object */;
			proxyType = 1;
			remoteGlobalIDString = C478FE021B16206E0077D02F;
			remoteInfo = "Stretch Problem 16 - Grand Centrel Station";
		};
/* End PBXContainerItemProxy section */

/* Begin PBXFileReference section */
		C478FE031B16206E0077D02F /* Stretch Problem 16 - Grand Centrel Station.app */ = {isa = PBXFileReference; explicitFileType = wrapper.application; includeInIndex = 0; path = "Stretch Problem 16 - Grand Centrel Station.app"; sourceTree = BUILT_PRODUCTS_DIR; };
		C478FE071B16206E0077D02F /* Info.plist */ = {isa = PBXFileReference; lastKnownFileType = text.plist.xml; path = Info.plist; sourceTree = "<group>"; };
		C478FE081B16206E0077D02F /* main.m */ = {isa = PBXFileReference; lastKnownFileType = sourcecode.c.objc; path = main.m; sourceTree = "<group>"; };
		C478FE0A1B16206E0077D02F /* AppDelegate.h */ = {isa = PBXFileReference; lastKnownFileType = sourcecode.c.h; path = AppDelegate.h; sourceTree = "<group>"; };
		C478FE0B1B16206E0077D02F /* AppDelegate.m */ = {isa = PBXFileReference; lastKnownFileType = sourcecode.c.objc; path = AppDelegate.m; sourceTree = "<group>"; };
		C478FE0D1B16206E0077D02F /* ViewController.h */ = {isa = PBXFileReference; lastKnownFileType = sourcecode.c.h; path = ViewController.h; sourceTree = "<group>"; };
		C478FE0E1B16206E0077D02F /* ViewController.m */ = {isa = PBXFileReference; lastKnownFileType = sourcecode.c.objc; path = ViewController.m; sourceTree = "<group>"; };
		C478FE111B16206E0077D02F /* Base */ = {isa = PBXFileReference; lastKnownFileType = file.storyboard; name = Base; path = Base.lproj/Main.storyboard; sourceTree = "<group>"; };
		C478FE131B16206E0077D02F /* Images.xcassets */ = {isa = PBXFileReference; lastKnownFileType = folder.assetcatalog; path = Images.xcassets; sourceTree = "<group>"; };
		C478FE161B16206E0077D02F /* Base */ = {isa = PBXFileReference; lastKnownFileType = file.xib; name = Base; path = Base.lproj/LaunchScreen.xib; sourceTree = "<group>"; };
		C478FE1C1B16206E0077D02F /* Stretch Problem 16 - Grand Centrel StationTests.xctest */ = {isa = PBXFileReference; explicitFileType = wrapper.cfbundle; includeInIndex = 0; path = "Stretch Problem 16 - Grand Centrel StationTests.xctest"; sourceTree = BUILT_PRODUCTS_DIR; };
		C478FE211B16206E0077D02F /* Info.plist */ = {isa = PBXFileReference; lastKnownFileType = text.plist.xml; path = Info.plist; sourceTree = "<group>"; };
		C478FE221B16206E0077D02F /* Stretch_Problem_16___Grand_Centrel_StationTests.m */ = {isa = PBXFileReference; lastKnownFileType = sourcecode.c.objc; path = "Stretch_Problem_16___Grand_Centrel_StationTests.m"; sourceTree = "<group>"; };
/* End PBXFileReference section */

/* Begin PBXFrameworksBuildPhase section */
		C478FE001B16206E0077D02F /* Frameworks */ = {
			isa = PBXFrameworksBuildPhase;
			buildActionMask = 2147483647;
			files = (
			);
			runOnlyForDeploymentPostprocessing = 0;
		};
		C478FE191B16206E0077D02F /* Frameworks */ = {
			isa = PBXFrameworksBuildPhase;
			buildActionMask = 2147483647;
			files = (
			);
			runOnlyForDeploymentPostprocessing = 0;
		};
/* End PBXFrameworksBuildPhase section */

/* Begin PBXGroup section */
		C478FDFA1B16206E0077D02F = {
			isa = PBXGroup;
			children = (
				C478FE051B16206E0077D02F /* Stretch Problem 16 - Grand Centrel Station */,
				C478FE1F1B16206E0077D02F /* Stretch Problem 16 - Grand Centrel StationTests */,
				C478FE041B16206E0077D02F /* Products */,
			);
			sourceTree = "<group>";
		};
		C478FE041B16206E0077D02F /* Products */ = {
			isa = PBXGroup;
			children = (
				C478FE031B16206E0077D02F /* Stretch Problem 16 - Grand Centrel Station.app */,
				C478FE1C1B16206E0077D02F /* Stretch Problem 16 - Grand Centrel StationTests.xctest */,
			);
			name = Products;
			sourceTree = "<group>";
		};
		C478FE051B16206E0077D02F /* Stretch Problem 16 - Grand Centrel Station */ = {
			isa = PBXGroup;
			children = (
				C478FE0A1B16206E0077D02F /* AppDelegate.h */,
				C478FE0B1B16206E0077D02F /* AppDelegate.m */,
				C478FE0D1B16206E0077D02F /* ViewController.h */,
				C478FE0E1B16206E0077D02F /* ViewController.m */,
				C478FE101B16206E0077D02F /* Main.storyboard */,
				C478FE131B16206E0077D02F /* Images.xcassets */,
				C478FE151B16206E0077D02F /* LaunchScreen.xib */,
				C478FE061B16206E0077D02F /* Supporting Files */,
			);
			path = "Stretch Problem 16 - Grand Centrel Station";
			sourceTree = "<group>";
		};
		C478FE061B16206E0077D02F /* Supporting Files */ = {
			isa = PBXGroup;
			children = (
				C478FE071B16206E0077D02F /* Info.plist */,
				C478FE081B16206E0077D02F /* main.m */,
			);
			name = "Supporting Files";
			sourceTree = "<group>";
		};
		C478FE1F1B16206E0077D02F /* Stretch Problem 16 - Grand Centrel StationTests */ = {
			isa = PBXGroup;
			children = (
				C478FE221B16206E0077D02F /* Stretch_Problem_16___Grand_Centrel_StationTests.m */,
				C478FE201B16206E0077D02F /* Supporting Files */,
			);
			path = "Stretch Problem 16 - Grand Centrel StationTests";
			sourceTree = "<group>";
		};
		C478FE201B16206E0077D02F /* Supporting Files */ = {
			isa = PBXGroup;
			children = (
				C478FE211B16206E0077D02F /* Info.plist */,
			);
			name = "Supporting Files";
			sourceTree = "<group>";
		};
/* End PBXGroup section */

/* Begin PBXNativeTarget section */
		C478FE021B16206E0077D02F /* Stretch Problem 16 - Grand Centrel Station */ = {
			isa = PBXNativeTarget;
			buildConfigurationList = C478FE261B16206E0077D02F /* Build configuration list for PBXNativeTarget "Stretch Problem 16 - Grand Centrel Station" */;
			buildPhases = (
				C478FDFF1B16206E0077D02F /* Sources */,
				C478FE001B16206E0077D02F /* Frameworks */,
				C478FE011B16206E0077D02F /* Resources */,
			);
			buildRules = (
			);
			dependencies = (
			);
			name = "Stretch Problem 16 - Grand Centrel Station";
			productName = "Stretch Problem 16 - Grand Centrel Station";
			productReference = C478FE031B16206E0077D02F /* Stretch Problem 16 - Grand Centrel Station.app */;
			productType = "com.apple.product-type.application";
		};
		C478FE1B1B16206E0077D02F /* Stretch Problem 16 - Grand Centrel StationTests */ = {
			isa = PBXNativeTarget;
			buildConfigurationList = C478FE291B16206E0077D02F /* Build configuration list for PBXNativeTarget "Stretch Problem 16 - Grand Centrel StationTests" */;
			buildPhases = (
				C478FE181B16206E0077D02F /* Sources */,
				C478FE191B16206E0077D02F /* Frameworks */,
				C478FE1A1B16206E0077D02F /* Resources */,
			);
			buildRules = (
			);
			dependencies = (
				C478FE1E1B16206E0077D02F /* PBXTargetDependency */,
			);
			name = "Stretch Problem 16 - Grand Centrel StationTests";
			productName = "Stretch Problem 16 - Grand Centrel StationTests";
			productReference = C478FE1C1B16206E0077D02F /* Stretch Problem 16 - Grand Centrel StationTests.xctest */;
			productType = "com.apple.product-type.bundle.unit-test";
		};
/* End PBXNativeTarget section */

/* Begin PBXProject section */
		C478FDFB1B16206E0077D02F /* Project object */ = {
			isa = PBXProject;
			attributes = {
				LastUpgradeCheck = 0630;
				ORGANIZATIONNAME = "Kaleo Kim";
				TargetAttributes = {
					C478FE021B16206E0077D02F = {
						CreatedOnToolsVersion = 6.3.1;
					};
					C478FE1B1B16206E0077D02F = {
						CreatedOnToolsVersion = 6.3.1;
						TestTargetID = C478FE021B16206E0077D02F;
					};
				};
			};
			buildConfigurationList = C478FDFE1B16206E0077D02F /* Build configuration list for PBXProject "Stretch Problem 16 - Grand Centrel Station" */;
			compatibilityVersion = "Xcode 3.2";
			developmentRegion = English;
			hasScannedForEncodings = 0;
			knownRegions = (
				en,
				Base,
			);
			mainGroup = C478FDFA1B16206E0077D02F;
			productRefGroup = C478FE041B16206E0077D02F /* Products */;
			projectDirPath = "";
			projectRoot = "";
			targets = (
				C478FE021B16206E0077D02F /* Stretch Problem 16 - Grand Centrel Station */,
				C478FE1B1B16206E0077D02F /* Stretch Problem 16 - Grand Centrel StationTests */,
			);
		};
/* End PBXProject section */

/* Begin PBXResourcesBuildPhase section */
		C478FE011B16206E0077D02F /* Resources */ = {
			isa = PBXResourcesBuildPhase;
			buildActionMask = 2147483647;
			files = (
				C478FE121B16206E0077D02F /* Main.storyboard in Resources */,
				C478FE171B16206E0077D02F /* LaunchScreen.xib in Resources */,
				C478FE141B16206E0077D02F /* Images.xcassets in Resources */,
			);
			runOnlyForDeploymentPostprocessing = 0;
		};
		C478FE1A1B16206E0077D02F /* Resources */ = {
			isa = PBXResourcesBuildPhase;
			buildActionMask = 2147483647;
			files = (
			);
			runOnlyForDeploymentPostprocessing = 0;
		};
/* End PBXResourcesBuildPhase section */

/* Begin PBXSourcesBuildPhase section */
		C478FDFF1B16206E0077D02F /* Sources */ = {
			isa = PBXSourcesBuildPhase;
			buildActionMask = 2147483647;
			files = (
				C478FE0F1B16206E0077D02F /* ViewController.m in Sources */,
				C478FE0C1B16206E0077D02F /* AppDelegate.m in Sources */,
				C478FE091B16206E0077D02F /* main.m in Sources */,
			);
			runOnlyForDeploymentPostprocessing = 0;
		};
		C478FE181B16206E0077D02F /* Sources */ = {
			isa = PBXSourcesBuildPhase;
			buildActionMask = 2147483647;
			files = (
				C478FE231B16206E0077D02F /* Stretch_Problem_16___Grand_Centrel_StationTests.m in Sources */,
			);
			runOnlyForDeploymentPostprocessing = 0;
		};
/* End PBXSourcesBuildPhase section */

/* Begin PBXTargetDependency section */
		C478FE1E1B16206E0077D02F /* PBXTargetDependency */ = {
			isa = PBXTargetDependency;
			target = C478FE021B16206E0077D02F /* Stretch Problem 16 - Grand Centrel Station */;
			targetProxy = C478FE1D1B16206E0077D02F /* PBXContainerItemProxy */;
		};
/* End PBXTargetDependency section */

/* Begin PBXVariantGroup section */
		C478FE101B16206E0077D02F /* Main.storyboard */ = {
			isa = PBXVariantGroup;
			children = (
				C478FE111B16206E0077D02F /* Base */,
			);
			name = Main.storyboard;
			sourceTree = "<group>";
		};
		C478FE151B16206E0077D02F /* LaunchScreen.xib */ = {
			isa = PBXVariantGroup;
			children = (
				C478FE161B16206E0077D02F /* Base */,
			);
			name = LaunchScreen.xib;
			sourceTree = "<group>";
		};
/* End PBXVariantGroup section */

/* Begin XCBuildConfiguration section */
		C478FE241B16206E0077D02F /* Debug */ = {
			isa = XCBuildConfiguration;
			buildSettings = {
				ALWAYS_SEARCH_USER_PATHS = NO;
				CLANG_CXX_LANGUAGE_STANDARD = "gnu++0x";
				CLANG_CXX_LIBRARY = "libc++";
				CLANG_ENABLE_MODULES = YES;
				CLANG_ENABLE_OBJC_ARC = YES;
				CLANG_WARN_BOOL_CONVERSION = YES;
				CLANG_WARN_CONSTANT_CONVERSION = YES;
				CLANG_WARN_DIRECT_OBJC_ISA_USAGE = YES_ERROR;
				CLANG_WARN_EMPTY_BODY = YES;
				CLANG_WARN_ENUM_CONVERSION = YES;
				CLANG_WARN_INT_CONVERSION = YES;
				CLANG_WARN_OBJC_ROOT_CLASS = YES_ERROR;
				CLANG_WARN_UNREACHABLE_CODE = YES;
				CLANG_WARN__DUPLICATE_METHOD_MATCH = YES;
				"CODE_SIGN_IDENTITY[sdk=iphoneos*]" = "iPhone Developer";
				COPY_PHASE_STRIP = NO;
				DEBUG_INFORMATION_FORMAT = "dwarf-with-dsym";
				ENABLE_STRICT_OBJC_MSGSEND = YES;
				GCC_C_LANGUAGE_STANDARD = gnu99;
				GCC_DYNAMIC_NO_PIC = NO;
				GCC_NO_COMMON_BLOCKS = YES;
				GCC_OPTIMIZATION_LEVEL = 0;
				GCC_PREPROCESSOR_DEFINITIONS = (
					"DEBUG=1",
					"$(inherited)",
				);
				GCC_SYMBOLS_PRIVATE_EXTERN = NO;
				GCC_WARN_64_TO_32_BIT_CONVERSION = YES;
				GCC_WARN_ABOUT_RETURN_TYPE = YES_ERROR;
				GCC_WARN_UNDECLARED_SELECTOR = YES;
				GCC_WARN_UNINITIALIZED_AUTOS = YES_AGGRESSIVE;
				GCC_WARN_UNUSED_FUNCTION = YES;
				GCC_WARN_UNUSED_VARIABLE = YES;
				IPHONEOS_DEPLOYMENT_TARGET = 8.3;
				MTL_ENABLE_DEBUG_INFO = YES;
				ONLY_ACTIVE_ARCH = YES;
				SDKROOT = iphoneos;
				TARGETED_DEVICE_FAMILY = "1,2";
			};
			name = Debug;
		};
		C478FE251B16206E0077D02F /* Release */ = {
			isa = XCBuildConfiguration;
			buildSettings = {
				ALWAYS_SEARCH_USER_PATHS = NO;
				CLANG_CXX_LANGUAGE_STANDARD = "gnu++0x";
				CLANG_CXX_LIBRARY = "libc++";
				CLANG_ENABLE_MODULES = YES;
				CLANG_ENABLE_OBJC_ARC = YES;
				CLANG_WARN_BOOL_CONVERSION = YES;
				CLANG_WARN_CONSTANT_CONVERSION = YES;
				CLANG_WARN_DIRECT_OBJC_ISA_USAGE = YES_ERROR;
				CLANG_WARN_EMPTY_BODY = YES;
				CLANG_WARN_ENUM_CONVERSION = YES;
				CLANG_WARN_INT_CONVERSION = YES;
				CLANG_WARN_OBJC_ROOT_CLASS = YES_ERROR;
				CLANG_WARN_UNREACHABLE_CODE = YES;
				CLANG_WARN__DUPLICATE_METHOD_MATCH = YES;
				"CODE_SIGN_IDENTITY[sdk=iphoneos*]" = "iPhone Developer";
				COPY_PHASE_STRIP = NO;
				DEBUG_INFORMATION_FORMAT = "dwarf-with-dsym";
				ENABLE_NS_ASSERTIONS = NO;
				ENABLE_STRICT_OBJC_MSGSEND = YES;
				GCC_C_LANGUAGE_STANDARD = gnu99;
				GCC_NO_COMMON_BLOCKS = YES;
				GCC_WARN_64_TO_32_BIT_CONVERSION = YES;
				GCC_WARN_ABOUT_RETURN_TYPE = YES_ERROR;
				GCC_WARN_UNDECLARED_SELECTOR = YES;
				GCC_WARN_UNINITIALIZED_AUTOS = YES_AGGRESSIVE;
				GCC_WARN_UNUSED_FUNCTION = YES;
				GCC_WARN_UNUSED_VARIABLE = YES;
				IPHONEOS_DEPLOYMENT_TARGET = 8.3;
				MTL_ENABLE_DEBUG_INFO = NO;
				SDKROOT = iphoneos;
				TARGETED_DEVICE_FAMILY = "1,2";
				VALIDATE_PRODUCT = YES;
			};
			name = Release;
		};
		C478FE271B16206E0077D02F /* Debug */ = {
			isa = XCBuildConfiguration;
			buildSettings = {
				ASSETCATALOG_COMPILER_APPICON_NAME = AppIcon;
				INFOPLIST_FILE = "Stretch Problem 16 - Grand Centrel Station/Info.plist";
				LD_RUNPATH_SEARCH_PATHS = "$(inherited) @executable_path/Frameworks";
				PRODUCT_NAME = "$(TARGET_NAME)";
			};
			name = Debug;
		};
		C478FE281B16206E0077D02F /* Release */ = {
			isa = XCBuildConfiguration;
			buildSettings = {
				ASSETCATALOG_COMPILER_APPICON_NAME = AppIcon;
				INFOPLIST_FILE = "Stretch Problem 16 - Grand Centrel Station/Info.plist";
				LD_RUNPATH_SEARCH_PATHS = "$(inherited) @executable_path/Frameworks";
				PRODUCT_NAME = "$(TARGET_NAME)";
			};
			name = Release;
		};
		C478FE2A1B16206E0077D02F /* Debug */ = {
			isa = XCBuildConfiguration;
			buildSettings = {
				BUNDLE_LOADER = "$(TEST_HOST)";
				FRAMEWORK_SEARCH_PATHS = (
					"$(SDKROOT)/Developer/Library/Frameworks",
					"$(inherited)",
				);
				GCC_PREPROCESSOR_DEFINITIONS = (
					"DEBUG=1",
					"$(inherited)",
				);
				INFOPLIST_FILE = "Stretch Problem 16 - Grand Centrel StationTests/Info.plist";
				LD_RUNPATH_SEARCH_PATHS = "$(inherited) @executable_path/Frameworks @loader_path/Frameworks";
				PRODUCT_NAME = "$(TARGET_NAME)";
				TEST_HOST = "$(BUILT_PRODUCTS_DIR)/Stretch Problem 16 - Grand Centrel Station.app/Stretch Problem 16 - Grand Centrel Station";
			};
			name = Debug;
		};
		C478FE2B1B16206E0077D02F /* Release */ = {
			isa = XCBuildConfiguration;
			buildSettings = {
				BUNDLE_LOADER = "$(TEST_HOST)";
				FRAMEWORK_SEARCH_PATHS = (
					"$(SDKROOT)/Developer/Library/Frameworks",
					"$(inherited)",
				);
				INFOPLIST_FILE = "Stretch Problem 16 - Grand Centrel StationTests/Info.plist";
				LD_RUNPATH_SEARCH_PATHS = "$(inherited) @executable_path/Frameworks @loader_path/Frameworks";
				PRODUCT_NAME = "$(TARGET_NAME)";
				TEST_HOST = "$(BUILT_PRODUCTS_DIR)/Stretch Problem 16 - Grand Centrel Station.app/Stretch Problem 16 - Grand Centrel Station";
			};
			name = Release;
		};
/* End XCBuildConfiguration section */

/* Begin XCConfigurationList section */
		C478FDFE1B16206E0077D02F /* Build configuration list for PBXProject "Stretch Problem 16 - Grand Centrel Station" */ = {
			isa = XCConfigurationList;
			buildConfigurations = (
				C478FE241B16206E0077D02F /* Debug */,
				C478FE251B16206E0077D02F /* Release */,
			);
			defaultConfigurationIsVisible = 0;
			defaultConfigurationName = Release;
		};
		C478FE261B16206E0077D02F /* Build configuration list for PBXNativeTarget "Stretch Problem 16 - Grand Centrel Station" */ = {
			isa = XCConfigurationList;
			buildConfigurations = (
				C478FE271B16206E0077D02F /* Debug */,
				C478FE281B16206E0077D02F /* Release */,
			);
			defaultConfigurationIsVisible = 0;
		};
		C478FE291B16206E0077D02F /* Build configuration list for PBXNativeTarget "Stretch Problem 16 - Grand Centrel StationTests" */ = {
			isa = XCConfigurationList;
			buildConfigurations = (
				C478FE2A1B16206E0077D02F /* Debug */,
				C478FE2B1B16206E0077D02F /* Release */,
			);
			defaultConfigurationIsVisible = 0;
		};
/* End XCConfigurationList section */
	};
	rootObject = C478FDFB1B16206E0077D02F /* Project object */;
}
