// !$*UTF8*$!
{
	archiveVersion = 1;
	classes = {
	};
	objectVersion = 46;
	objects = {

/* Begin PBXBuildFile section */
		C45EE8B31AED828100068529 /* main.m in Sources */ = {isa = PBXBuildFile; fileRef = C45EE8B21AED828100068529 /* main.m */; };
		C45EE8B61AED828100068529 /* AppDelegate.m in Sources */ = {isa = PBXBuildFile; fileRef = C45EE8B51AED828100068529 /* AppDelegate.m */; };
		C45EE8B91AED828100068529 /* ViewController.m in Sources */ = {isa = PBXBuildFile; fileRef = C45EE8B81AED828100068529 /* ViewController.m */; };
		C45EE8BC1AED828100068529 /* Main.storyboard in Resources */ = {isa = PBXBuildFile; fileRef = C45EE8BA1AED828100068529 /* Main.storyboard */; };
		C45EE8BE1AED828100068529 /* Images.xcassets in Resources */ = {isa = PBXBuildFile; fileRef = C45EE8BD1AED828100068529 /* Images.xcassets */; };
		C45EE8C11AED828100068529 /* LaunchScreen.xib in Resources */ = {isa = PBXBuildFile; fileRef = C45EE8BF1AED828100068529 /* LaunchScreen.xib */; };
		C45EE8CD1AED828200068529 /* IntroducingFunctionsTests.m in Sources */ = {isa = PBXBuildFile; fileRef = C45EE8CC1AED828200068529 /* IntroducingFunctionsTests.m */; };
/* End PBXBuildFile section */

/* Begin PBXContainerItemProxy section */
		C45EE8C71AED828200068529 /* PBXContainerItemProxy */ = {
			isa = PBXContainerItemProxy;
			containerPortal = C45EE8A51AED828100068529 /* Project object */;
			proxyType = 1;
			remoteGlobalIDString = C45EE8AC1AED828100068529;
			remoteInfo = IntroducingFunctions;
		};
/* End PBXContainerItemProxy section */

/* Begin PBXFileReference section */
		C45EE8AD1AED828100068529 /* IntroducingFunctions.app */ = {isa = PBXFileReference; explicitFileType = wrapper.application; includeInIndex = 0; path = IntroducingFunctions.app; sourceTree = BUILT_PRODUCTS_DIR; };
		C45EE8B11AED828100068529 /* Info.plist */ = {isa = PBXFileReference; lastKnownFileType = text.plist.xml; path = Info.plist; sourceTree = "<group>"; };
		C45EE8B21AED828100068529 /* main.m */ = {isa = PBXFileReference; lastKnownFileType = sourcecode.c.objc; path = main.m; sourceTree = "<group>"; };
		C45EE8B41AED828100068529 /* AppDelegate.h */ = {isa = PBXFileReference; lastKnownFileType = sourcecode.c.h; path = AppDelegate.h; sourceTree = "<group>"; };
		C45EE8B51AED828100068529 /* AppDelegate.m */ = {isa = PBXFileReference; lastKnownFileType = sourcecode.c.objc; path = AppDelegate.m; sourceTree = "<group>"; };
		C45EE8B71AED828100068529 /* ViewController.h */ = {isa = PBXFileReference; lastKnownFileType = sourcecode.c.h; path = ViewController.h; sourceTree = "<group>"; };
		C45EE8B81AED828100068529 /* ViewController.m */ = {isa = PBXFileReference; lastKnownFileType = sourcecode.c.objc; path = ViewController.m; sourceTree = "<group>"; };
		C45EE8BB1AED828100068529 /* Base */ = {isa = PBXFileReference; lastKnownFileType = file.storyboard; name = Base; path = Base.lproj/Main.storyboard; sourceTree = "<group>"; };
		C45EE8BD1AED828100068529 /* Images.xcassets */ = {isa = PBXFileReference; lastKnownFileType = folder.assetcatalog; path = Images.xcassets; sourceTree = "<group>"; };
		C45EE8C01AED828100068529 /* Base */ = {isa = PBXFileReference; lastKnownFileType = file.xib; name = Base; path = Base.lproj/LaunchScreen.xib; sourceTree = "<group>"; };
		C45EE8C61AED828200068529 /* IntroducingFunctionsTests.xctest */ = {isa = PBXFileReference; explicitFileType = wrapper.cfbundle; includeInIndex = 0; path = IntroducingFunctionsTests.xctest; sourceTree = BUILT_PRODUCTS_DIR; };
		C45EE8CB1AED828200068529 /* Info.plist */ = {isa = PBXFileReference; lastKnownFileType = text.plist.xml; path = Info.plist; sourceTree = "<group>"; };
		C45EE8CC1AED828200068529 /* IntroducingFunctionsTests.m */ = {isa = PBXFileReference; lastKnownFileType = sourcecode.c.objc; path = IntroducingFunctionsTests.m; sourceTree = "<group>"; };
/* End PBXFileReference section */

/* Begin PBXFrameworksBuildPhase section */
		C45EE8AA1AED828100068529 /* Frameworks */ = {
			isa = PBXFrameworksBuildPhase;
			buildActionMask = 2147483647;
			files = (
			);
			runOnlyForDeploymentPostprocessing = 0;
		};
		C45EE8C31AED828200068529 /* Frameworks */ = {
			isa = PBXFrameworksBuildPhase;
			buildActionMask = 2147483647;
			files = (
			);
			runOnlyForDeploymentPostprocessing = 0;
		};
/* End PBXFrameworksBuildPhase section */

/* Begin PBXGroup section */
		C45EE8A41AED828100068529 = {
			isa = PBXGroup;
			children = (
				C45EE8AF1AED828100068529 /* IntroducingFunctions */,
				C45EE8C91AED828200068529 /* IntroducingFunctionsTests */,
				C45EE8AE1AED828100068529 /* Products */,
			);
			sourceTree = "<group>";
		};
		C45EE8AE1AED828100068529 /* Products */ = {
			isa = PBXGroup;
			children = (
				C45EE8AD1AED828100068529 /* IntroducingFunctions.app */,
				C45EE8C61AED828200068529 /* IntroducingFunctionsTests.xctest */,
			);
			name = Products;
			sourceTree = "<group>";
		};
		C45EE8AF1AED828100068529 /* IntroducingFunctions */ = {
			isa = PBXGroup;
			children = (
				C45EE8B41AED828100068529 /* AppDelegate.h */,
				C45EE8B51AED828100068529 /* AppDelegate.m */,
				C45EE8B71AED828100068529 /* ViewController.h */,
				C45EE8B81AED828100068529 /* ViewController.m */,
				C45EE8BA1AED828100068529 /* Main.storyboard */,
				C45EE8BD1AED828100068529 /* Images.xcassets */,
				C45EE8BF1AED828100068529 /* LaunchScreen.xib */,
				C45EE8B01AED828100068529 /* Supporting Files */,
			);
			path = IntroducingFunctions;
			sourceTree = "<group>";
		};
		C45EE8B01AED828100068529 /* Supporting Files */ = {
			isa = PBXGroup;
			children = (
				C45EE8B11AED828100068529 /* Info.plist */,
				C45EE8B21AED828100068529 /* main.m */,
			);
			name = "Supporting Files";
			sourceTree = "<group>";
		};
		C45EE8C91AED828200068529 /* IntroducingFunctionsTests */ = {
			isa = PBXGroup;
			children = (
				C45EE8CC1AED828200068529 /* IntroducingFunctionsTests.m */,
				C45EE8CA1AED828200068529 /* Supporting Files */,
			);
			path = IntroducingFunctionsTests;
			sourceTree = "<group>";
		};
		C45EE8CA1AED828200068529 /* Supporting Files */ = {
			isa = PBXGroup;
			children = (
				C45EE8CB1AED828200068529 /* Info.plist */,
			);
			name = "Supporting Files";
			sourceTree = "<group>";
		};
/* End PBXGroup section */

/* Begin PBXNativeTarget section */
		C45EE8AC1AED828100068529 /* IntroducingFunctions */ = {
			isa = PBXNativeTarget;
			buildConfigurationList = C45EE8D01AED828200068529 /* Build configuration list for PBXNativeTarget "IntroducingFunctions" */;
			buildPhases = (
				C45EE8A91AED828100068529 /* Sources */,
				C45EE8AA1AED828100068529 /* Frameworks */,
				C45EE8AB1AED828100068529 /* Resources */,
			);
			buildRules = (
			);
			dependencies = (
			);
			name = IntroducingFunctions;
			productName = IntroducingFunctions;
			productReference = C45EE8AD1AED828100068529 /* IntroducingFunctions.app */;
			productType = "com.apple.product-type.application";
		};
		C45EE8C51AED828200068529 /* IntroducingFunctionsTests */ = {
			isa = PBXNativeTarget;
			buildConfigurationList = C45EE8D31AED828200068529 /* Build configuration list for PBXNativeTarget "IntroducingFunctionsTests" */;
			buildPhases = (
				C45EE8C21AED828200068529 /* Sources */,
				C45EE8C31AED828200068529 /* Frameworks */,
				C45EE8C41AED828200068529 /* Resources */,
			);
			buildRules = (
			);
			dependencies = (
				C45EE8C81AED828200068529 /* PBXTargetDependency */,
			);
			name = IntroducingFunctionsTests;
			productName = IntroducingFunctionsTests;
			productReference = C45EE8C61AED828200068529 /* IntroducingFunctionsTests.xctest */;
			productType = "com.apple.product-type.bundle.unit-test";
		};
/* End PBXNativeTarget section */

/* Begin PBXProject section */
		C45EE8A51AED828100068529 /* Project object */ = {
			isa = PBXProject;
			attributes = {
				LastUpgradeCheck = 0630;
				ORGANIZATIONNAME = "Kaleo Kim";
				TargetAttributes = {
					C45EE8AC1AED828100068529 = {
						CreatedOnToolsVersion = 6.3;
					};
					C45EE8C51AED828200068529 = {
						CreatedOnToolsVersion = 6.3;
						TestTargetID = C45EE8AC1AED828100068529;
					};
				};
			};
			buildConfigurationList = C45EE8A81AED828100068529 /* Build configuration list for PBXProject "IntroducingFunctions" */;
			compatibilityVersion = "Xcode 3.2";
			developmentRegion = English;
			hasScannedForEncodings = 0;
			knownRegions = (
				en,
				Base,
			);
			mainGroup = C45EE8A41AED828100068529;
			productRefGroup = C45EE8AE1AED828100068529 /* Products */;
			projectDirPath = "";
			projectRoot = "";
			targets = (
				C45EE8AC1AED828100068529 /* IntroducingFunctions */,
				C45EE8C51AED828200068529 /* IntroducingFunctionsTests */,
			);
		};
/* End PBXProject section */

/* Begin PBXResourcesBuildPhase section */
		C45EE8AB1AED828100068529 /* Resources */ = {
			isa = PBXResourcesBuildPhase;
			buildActionMask = 2147483647;
			files = (
				C45EE8BC1AED828100068529 /* Main.storyboard in Resources */,
				C45EE8C11AED828100068529 /* LaunchScreen.xib in Resources */,
				C45EE8BE1AED828100068529 /* Images.xcassets in Resources */,
			);
			runOnlyForDeploymentPostprocessing = 0;
		};
		C45EE8C41AED828200068529 /* Resources */ = {
			isa = PBXResourcesBuildPhase;
			buildActionMask = 2147483647;
			files = (
			);
			runOnlyForDeploymentPostprocessing = 0;
		};
/* End PBXResourcesBuildPhase section */

/* Begin PBXSourcesBuildPhase section */
		C45EE8A91AED828100068529 /* Sources */ = {
			isa = PBXSourcesBuildPhase;
			buildActionMask = 2147483647;
			files = (
				C45EE8B91AED828100068529 /* ViewController.m in Sources */,
				C45EE8B61AED828100068529 /* AppDelegate.m in Sources */,
				C45EE8B31AED828100068529 /* main.m in Sources */,
			);
			runOnlyForDeploymentPostprocessing = 0;
		};
		C45EE8C21AED828200068529 /* Sources */ = {
			isa = PBXSourcesBuildPhase;
			buildActionMask = 2147483647;
			files = (
				C45EE8CD1AED828200068529 /* IntroducingFunctionsTests.m in Sources */,
			);
			runOnlyForDeploymentPostprocessing = 0;
		};
/* End PBXSourcesBuildPhase section */

/* Begin PBXTargetDependency section */
		C45EE8C81AED828200068529 /* PBXTargetDependency */ = {
			isa = PBXTargetDependency;
			target = C45EE8AC1AED828100068529 /* IntroducingFunctions */;
			targetProxy = C45EE8C71AED828200068529 /* PBXContainerItemProxy */;
		};
/* End PBXTargetDependency section */

/* Begin PBXVariantGroup section */
		C45EE8BA1AED828100068529 /* Main.storyboard */ = {
			isa = PBXVariantGroup;
			children = (
				C45EE8BB1AED828100068529 /* Base */,
			);
			name = Main.storyboard;
			sourceTree = "<group>";
		};
		C45EE8BF1AED828100068529 /* LaunchScreen.xib */ = {
			isa = PBXVariantGroup;
			children = (
				C45EE8C01AED828100068529 /* Base */,
			);
			name = LaunchScreen.xib;
			sourceTree = "<group>";
		};
/* End PBXVariantGroup section */

/* Begin XCBuildConfiguration section */
		C45EE8CE1AED828200068529 /* Debug */ = {
			isa = XCBuildConfiguration;
			buildSettings = {
				ALWAYS_SEARCH_USER_PATHS = NO;
				CLANG_CXX_LANGUAGE_STANDARD = "gnu++0x";
				CLANG_CXX_LIBRARY = "libc++";
				CLANG_ENABLE_MODULES = YES;
				CLANG_ENABLE_OBJC_ARC = YES;
				CLANG_WARN_BOOL_CONVERSION = YES;
				CLANG_WARN_CONSTANT_CONVERSION = YES;
				CLANG_WARN_DIRECT_OBJC_ISA_USAGE = YES_ERROR;
				CLANG_WARN_EMPTY_BODY = YES;
				CLANG_WARN_ENUM_CONVERSION = YES;
				CLANG_WARN_INT_CONVERSION = YES;
				CLANG_WARN_OBJC_ROOT_CLASS = YES_ERROR;
				CLANG_WARN_UNREACHABLE_CODE = YES;
				CLANG_WARN__DUPLICATE_METHOD_MATCH = YES;
				"CODE_SIGN_IDENTITY[sdk=iphoneos*]" = "iPhone Developer";
				COPY_PHASE_STRIP = NO;
				DEBUG_INFORMATION_FORMAT = "dwarf-with-dsym";
				ENABLE_STRICT_OBJC_MSGSEND = YES;
				GCC_C_LANGUAGE_STANDARD = gnu99;
				GCC_DYNAMIC_NO_PIC = NO;
				GCC_NO_COMMON_BLOCKS = YES;
				GCC_OPTIMIZATION_LEVEL = 0;
				GCC_PREPROCESSOR_DEFINITIONS = (
					"DEBUG=1",
					"$(inherited)",
				);
				GCC_SYMBOLS_PRIVATE_EXTERN = NO;
				GCC_WARN_64_TO_32_BIT_CONVERSION = YES;
				GCC_WARN_ABOUT_RETURN_TYPE = YES_ERROR;
				GCC_WARN_UNDECLARED_SELECTOR = YES;
				GCC_WARN_UNINITIALIZED_AUTOS = YES_AGGRESSIVE;
				GCC_WARN_UNUSED_FUNCTION = YES;
				GCC_WARN_UNUSED_VARIABLE = YES;
				IPHONEOS_DEPLOYMENT_TARGET = 8.3;
				MTL_ENABLE_DEBUG_INFO = YES;
				ONLY_ACTIVE_ARCH = YES;
				SDKROOT = iphoneos;
				TARGETED_DEVICE_FAMILY = "1,2";
			};
			name = Debug;
		};
		C45EE8CF1AED828200068529 /* Release */ = {
			isa = XCBuildConfiguration;
			buildSettings = {
				ALWAYS_SEARCH_USER_PATHS = NO;
				CLANG_CXX_LANGUAGE_STANDARD = "gnu++0x";
				CLANG_CXX_LIBRARY = "libc++";
				CLANG_ENABLE_MODULES = YES;
				CLANG_ENABLE_OBJC_ARC = YES;
				CLANG_WARN_BOOL_CONVERSION = YES;
				CLANG_WARN_CONSTANT_CONVERSION = YES;
				CLANG_WARN_DIRECT_OBJC_ISA_USAGE = YES_ERROR;
				CLANG_WARN_EMPTY_BODY = YES;
				CLANG_WARN_ENUM_CONVERSION = YES;
				CLANG_WARN_INT_CONVERSION = YES;
				CLANG_WARN_OBJC_ROOT_CLASS = YES_ERROR;
				CLANG_WARN_UNREACHABLE_CODE = YES;
				CLANG_WARN__DUPLICATE_METHOD_MATCH = YES;
				"CODE_SIGN_IDENTITY[sdk=iphoneos*]" = "iPhone Developer";
				COPY_PHASE_STRIP = NO;
				DEBUG_INFORMATION_FORMAT = "dwarf-with-dsym";
				ENABLE_NS_ASSERTIONS = NO;
				ENABLE_STRICT_OBJC_MSGSEND = YES;
				GCC_C_LANGUAGE_STANDARD = gnu99;
				GCC_NO_COMMON_BLOCKS = YES;
				GCC_WARN_64_TO_32_BIT_CONVERSION = YES;
				GCC_WARN_ABOUT_RETURN_TYPE = YES_ERROR;
				GCC_WARN_UNDECLARED_SELECTOR = YES;
				GCC_WARN_UNINITIALIZED_AUTOS = YES_AGGRESSIVE;
				GCC_WARN_UNUSED_FUNCTION = YES;
				GCC_WARN_UNUSED_VARIABLE = YES;
				IPHONEOS_DEPLOYMENT_TARGET = 8.3;
				MTL_ENABLE_DEBUG_INFO = NO;
				SDKROOT = iphoneos;
				TARGETED_DEVICE_FAMILY = "1,2";
				VALIDATE_PRODUCT = YES;
			};
			name = Release;
		};
		C45EE8D11AED828200068529 /* Debug */ = {
			isa = XCBuildConfiguration;
			buildSettings = {
				ASSETCATALOG_COMPILER_APPICON_NAME = AppIcon;
				INFOPLIST_FILE = IntroducingFunctions/Info.plist;
				LD_RUNPATH_SEARCH_PATHS = "$(inherited) @executable_path/Frameworks";
				PRODUCT_NAME = "$(TARGET_NAME)";
			};
			name = Debug;
		};
		C45EE8D21AED828200068529 /* Release */ = {
			isa = XCBuildConfiguration;
			buildSettings = {
				ASSETCATALOG_COMPILER_APPICON_NAME = AppIcon;
				INFOPLIST_FILE = IntroducingFunctions/Info.plist;
				LD_RUNPATH_SEARCH_PATHS = "$(inherited) @executable_path/Frameworks";
				PRODUCT_NAME = "$(TARGET_NAME)";
			};
			name = Release;
		};
		C45EE8D41AED828200068529 /* Debug */ = {
			isa = XCBuildConfiguration;
			buildSettings = {
				BUNDLE_LOADER = "$(TEST_HOST)";
				FRAMEWORK_SEARCH_PATHS = (
					"$(SDKROOT)/Developer/Library/Frameworks",
					"$(inherited)",
				);
				GCC_PREPROCESSOR_DEFINITIONS = (
					"DEBUG=1",
					"$(inherited)",
				);
				INFOPLIST_FILE = IntroducingFunctionsTests/Info.plist;
				LD_RUNPATH_SEARCH_PATHS = "$(inherited) @executable_path/Frameworks @loader_path/Frameworks";
				PRODUCT_NAME = "$(TARGET_NAME)";
				TEST_HOST = "$(BUILT_PRODUCTS_DIR)/IntroducingFunctions.app/IntroducingFunctions";
			};
			name = Debug;
		};
		C45EE8D51AED828200068529 /* Release */ = {
			isa = XCBuildConfiguration;
			buildSettings = {
				BUNDLE_LOADER = "$(TEST_HOST)";
				FRAMEWORK_SEARCH_PATHS = (
					"$(SDKROOT)/Developer/Library/Frameworks",
					"$(inherited)",
				);
				INFOPLIST_FILE = IntroducingFunctionsTests/Info.plist;
				LD_RUNPATH_SEARCH_PATHS = "$(inherited) @executable_path/Frameworks @loader_path/Frameworks";
				PRODUCT_NAME = "$(TARGET_NAME)";
				TEST_HOST = "$(BUILT_PRODUCTS_DIR)/IntroducingFunctions.app/IntroducingFunctions";
			};
			name = Release;
		};
/* End XCBuildConfiguration section */

/* Begin XCConfigurationList section */
		C45EE8A81AED828100068529 /* Build configuration list for PBXProject "IntroducingFunctions" */ = {
			isa = XCConfigurationList;
			buildConfigurations = (
				C45EE8CE1AED828200068529 /* Debug */,
				C45EE8CF1AED828200068529 /* Release */,
			);
			defaultConfigurationIsVisible = 0;
			defaultConfigurationName = Release;
		};
		C45EE8D01AED828200068529 /* Build configuration list for PBXNativeTarget "IntroducingFunctions" */ = {
			isa = XCConfigurationList;
			buildConfigurations = (
				C45EE8D11AED828200068529 /* Debug */,
				C45EE8D21AED828200068529 /* Release */,
			);
			defaultConfigurationIsVisible = 0;
		};
		C45EE8D31AED828200068529 /* Build configuration list for PBXNativeTarget "IntroducingFunctionsTests" */ = {
			isa = XCConfigurationList;
			buildConfigurations = (
				C45EE8D41AED828200068529 /* Debug */,
				C45EE8D51AED828200068529 /* Release */,
			);
			defaultConfigurationIsVisible = 0;
		};
/* End XCConfigurationList section */
	};
	rootObject = C45EE8A51AED828100068529 /* Project object */;
}
